<?xml version="1.0" encoding="utf-8"?>
<Project ToolsVersion="4.0" xmlns="http://schemas.microsoft.com/developer/msbuild/2003">
  <ItemGroup>
    <Filter Include="Source Files">
      <UniqueIdentifier>{4FC737F1-C7A5-4376-A066-2A32D752A2FF}</UniqueIdentifier>
      <Extensions>cpp;c;cc;cxx;c++;cppm;ixx;def;odl;idl;hpj;bat;asm;asmx</Extensions>
    </Filter>
    <Filter Include="Source Files\win32">
      <UniqueIdentifier>{1bd0d9a3-5a00-423a-9664-d446a3bd62fb}</UniqueIdentifier>
    </Filter>
    <Filter Include="Source Files\amd64">
      <UniqueIdentifier>{f2cf65ce-f023-41e8-aeb8-0004c253d751}</UniqueIdentifier>
    </Filter>
  </ItemGroup>
  <ItemGroup>
    <ClCompile Include="..\spill.c">
      <Filter>Source Files</Filter>
    </ClCompile>
    <ClCompile Include="..\ssa.c">
      <Filter>Source Files</Filter>
    </ClCompile>
    <ClCompile Include="..\util.c">
      <Filter>Source Files</Filter>
    </ClCompile>
    <ClCompile Include="..\alias.c">
      <Filter>Source Files</Filter>
    </ClCompile>
    <ClCompile Include="..\cfg.c">
      <Filter>Source Files</Filter>
    </ClCompile>
    <ClCompile Include="..\copy.c">
      <Filter>Source Files</Filter>
    </ClCompile>
    <ClCompile Include="..\fold.c">
      <Filter>Source Files</Filter>
    </ClCompile>
    <ClCompile Include="..\gas.c">
      <Filter>Source Files</Filter>
    </ClCompile>
    <ClCompile Include="..\live.c">
      <Filter>Source Files</Filter>
    </ClCompile>
    <ClCompile Include="..\load.c">
      <Filter>Source Files</Filter>
    </ClCompile>
    <ClCompile Include="..\main.c">
      <Filter>Source Files</Filter>
    </ClCompile>
    <ClCompile Include="..\mem.c">
      <Filter>Source Files</Filter>
    </ClCompile>
    <ClCompile Include="..\parse.c">
      <Filter>Source Files</Filter>
    </ClCompile>
    <ClCompile Include="..\rega.c">
      <Filter>Source Files</Filter>
    </ClCompile>
    <ClCompile Include="..\win32\getopt.c">
      <Filter>Source Files\win32</Filter>
    </ClCompile>
    <ClCompile Include="..\nasm.c">
      <Filter>Source Files</Filter>
    </ClCompile>
    <ClCompile Include="..\amd64\emit.c">
      <Filter>Source Files\amd64</Filter>
    </ClCompile>
    <ClCompile Include="..\amd64\isel.c">
      <Filter>Source Files\amd64</Filter>
    </ClCompile>
    <ClCompile Include="..\amd64\sysv.c">
      <Filter>Source Files\amd64</Filter>
    </ClCompile>
    <ClCompile Include="..\amd64\targ.c">
      <Filter>Source Files\amd64</Filter>
    </ClCompile>
    <ClCompile Include="..\amd64\win64.c">
      <Filter>Source Files\amd64</Filter>
    </ClCompile>
    <ClCompile Include="..\amd64\win64_emit.c">
      <Filter>Source Files\amd64</Filter>
    </ClCompile>
  </ItemGroup>
  <ItemGroup>
    <ClInclude Include="..\all.h">
      <Filter>Source Files</Filter>
    </ClInclude>
    <ClInclude Include="..\ops.h">
      <Filter>Source Files</Filter>
    </ClInclude>
    <ClInclude Include="..\platform.h">
      <Filter>Source Files</Filter>
    </ClInclude>
    <ClInclude Include="..\win32_config.h">
      <Filter>Source Files</Filter>
    </ClInclude>
    <ClInclude Include="..\win32\getopt.h">
      <Filter>Source Files\win32</Filter>
    </ClInclude>
    <ClInclude Include="..\amd64\all.h">
      <Filter>Source Files\amd64</Filter>
    </ClInclude>
  </ItemGroup>
</Project>